
Microsoft Visual Studio Solution File, Format Version 12.00
# Visual Studio Version 16
VisualStudioVersion = 16.0.30523.141
MinimumVisualStudioVersion = 10.0.40219.1
Project("{FAE04EC0-301F-11D3-BF4B-00C04F79EFBC}") = "HR", "HR.csproj", "{6725E363-57BB-4FE2-8077-06646CAF59F1}"
EndProject
Global
	GlobalSection(SolutionConfigurationPlatforms) = preSolution
		Debug|Any CPU = Debug|Any CPU
		Release|Any CPU = Release|Any CPU
	EndGlobalSection
	GlobalSection(ProjectConfigurationPlatforms) = postSolution
		{6725E363-57BB-4FE2-8077-06646CAF59F1}.Debug|Any CPU.ActiveCfg = Debug|Any CPU
		{6725E363-57BB-4FE2-8077-06646CAF59F1}.Debug|Any CPU.Build.0 = Debug|Any CPU
		{6725E363-57BB-4FE2-8077-06646CAF59F1}.Release|Any CPU.ActiveCfg = Release|Any CPU
		{6725E363-57BB-4FE2-8077-06646CAF59F1}.Release|Any CPU.Build.0 = Release|Any CPU
	EndGlobalSection
	GlobalSection(SolutionProperties) = preSolution
		HideSolutionNode = FALSE
	EndGlobalSection
	GlobalSection(ExtensibilityGlobals) = postSolution
		SolutionGuid = {8EED5336-9F89-4E6F-915E-A318EAC2C361}
	EndGlobalSection
EndGlobal
